
Microsoft Visual Studio Solution File, Format Version 12.00
# Visual Studio Version 17
VisualStudioVersion = 17.8.34408.163
MinimumVisualStudioVersion = 10.0.40219.1
Project("{FAE04EC0-301F-11D3-BF4B-00C04F79EFBC}") = "mshop.products", "mshop.products\mshop.products.csproj", "{29EF1098-0BB1-4761-98DA-BBDE2BB19C6A}"
EndProject
Global
	GlobalSection(SolutionConfigurationPlatforms) = preSolution
		Debug|Any CPU = Debug|Any CPU
		Release|Any CPU = Release|Any CPU
	EndGlobalSection
	GlobalSection(ProjectConfigurationPlatforms) = postSolution
		{29EF1098-0BB1-4761-98DA-BBDE2BB19C6A}.Debug|Any CPU.ActiveCfg = Debug|Any CPU
		{29EF1098-0BB1-4761-98DA-BBDE2BB19C6A}.Debug|Any CPU.Build.0 = Debug|Any CPU
		{29EF1098-0BB1-4761-98DA-BBDE2BB19C6A}.Release|Any CPU.ActiveCfg = Release|Any CPU
		{29EF1098-0BB1-4761-98DA-BBDE2BB19C6A}.Release|Any CPU.Build.0 = Release|Any CPU
	EndGlobalSection
	GlobalSection(SolutionProperties) = preSolution
		HideSolutionNode = FALSE
	EndGlobalSection
	GlobalSection(ExtensibilityGlobals) = postSolution
		SolutionGuid = {DD913F99-04C2-4DDE-A4F5-66B119C5BF24}
	EndGlobalSection
EndGlobal
